
Microsoft Visual Studio Solution File, Format Version 12.00
# Visual Studio Version 16
VisualStudioVersion = 16.0.31410.357
MinimumVisualStudioVersion = 10.0.40219.1
Project("{FAE04EC0-301F-11D3-BF4B-00C04F79EFBC}") = "LiveTelemetryWebUi", "LiveTelemetryWebUi.csproj", "{1566F65F-1303-4C0A-AE29-C47C4D5057D8}"
EndProject
Global
	GlobalSection(SolutionConfigurationPlatforms) = preSolution
		Debug|Any CPU = Debug|Any CPU
		Release|Any CPU = Release|Any CPU
	EndGlobalSection
	GlobalSection(ProjectConfigurationPlatforms) = postSolution
		{1566F65F-1303-4C0A-AE29-C47C4D5057D8}.Debug|Any CPU.ActiveCfg = Debug|Any CPU
		{1566F65F-1303-4C0A-AE29-C47C4D5057D8}.Debug|Any CPU.Build.0 = Debug|Any CPU
		{1566F65F-1303-4C0A-AE29-C47C4D5057D8}.Release|Any CPU.ActiveCfg = Release|Any CPU
		{1566F65F-1303-4C0A-AE29-C47C4D5057D8}.Release|Any CPU.Build.0 = Release|Any CPU
	EndGlobalSection
	GlobalSection(SolutionProperties) = preSolution
		HideSolutionNode = FALSE
	EndGlobalSection
	GlobalSection(ExtensibilityGlobals) = postSolution
		SolutionGuid = {0510EB8C-E3FB-4ED3-82D4-F9420F65B5D2}
	EndGlobalSection
EndGlobal
